Microsoft Visual Studio Solution File, Format Version 12.00
# Visual Studio Version 17
VisualStudioVersion = 17.5.2.0
MinimumVisualStudioVersion = 10.0.40219.1
Project("{FAE04EC0-301F-11D3-BF4B-00C04F79EFBC}") = "eStore", "eStore\eStore.csproj", "{0B86BFC3-48B2-4B5B-0FE0-0301B668FEF2}"
EndProject
Global
	GlobalSection(SolutionConfigurationPlatforms) = preSolution
		Debug|Any CPU = Debug|Any CPU
		Release|Any CPU = Release|Any CPU
	EndGlobalSection
	GlobalSection(ProjectConfigurationPlatforms) = postSolution
		{0B86BFC3-48B2-4B5B-0FE0-0301B668FEF2}.Debug|Any CPU.ActiveCfg = Debug|Any CPU
		{0B86BFC3-48B2-4B5B-0FE0-0301B668FEF2}.Debug|Any CPU.Build.0 = Debug|Any CPU
		{0B86BFC3-48B2-4B5B-0FE0-0301B668FEF2}.Release|Any CPU.ActiveCfg = Release|Any CPU
		{0B86BFC3-48B2-4B5B-0FE0-0301B668FEF2}.Release|Any CPU.Build.0 = Release|Any CPU
	EndGlobalSection
	GlobalSection(SolutionProperties) = preSolution
		HideSolutionNode = FALSE
	EndGlobalSection
	GlobalSection(ExtensibilityGlobals) = postSolution
		SolutionGuid = {7CA65386-E9CA-458A-9239-121E8A2C6361}
	EndGlobalSection
EndGlobal
